
Microsoft Visual Studio Solution File, Format Version 12.00
# Visual Studio 15
VisualStudioVersion = 15.0.26730.3
MinimumVisualStudioVersion = 10.0.40219.1
Project("{2150E333-8FDC-42A3-9474-1A3956D46DE8}") = "5.Infrastructure", "5.Infrastructure", "{8332EC81-B558-462A-B974-B2C2CD61B230}"
EndProject
Project("{2150E333-8FDC-42A3-9474-1A3956D46DE8}") = "4.Repository", "4.Repository", "{8DB25EC6-F226-4CEE-9F47-99797C47C05F}"
EndProject
Project("{2150E333-8FDC-42A3-9474-1A3956D46DE8}") = "3.Domain", "3.Domain", "{9C48A9DE-8245-43F3-A209-8E6CCA10A1EC}"
EndProject
Project("{2150E333-8FDC-42A3-9474-1A3956D46DE8}") = "2.Application", "2.Application", "{D9D0D468-4E8A-4B52-BEBA-968E4CDB5C62}"
EndProject
Project("{2150E333-8FDC-42A3-9474-1A3956D46DE8}") = "1.WebApp", "1.WebApp", "{259D74FF-793E-4277-96E0-FE2FFDD4E6E0}"
EndProject
Project("{2150E333-8FDC-42A3-9474-1A3956D46DE8}") = "0.Presentation", "0.Presentation", "{872F1CA8-650A-4BE9-A54E-E8A376A9A6B5}"
EndProject
Project("{FAE04EC0-301F-11D3-BF4B-00C04F79EFBC}") = "ITJob.Infrastructure", "ITJob.Infrastructure\ITJob.Infrastructure.csproj", "{93FAE394-C7FF-4683-89B2-B450359DDF46}"
EndProject
Project("{FAE04EC0-301F-11D3-BF4B-00C04F79EFBC}") = "ITJob.Repository", "ITJob.Repository\ITJob.Repository.csproj", "{046EBD8E-CC67-4B99-8AD5-72B43C70D72F}"
EndProject
Project("{FAE04EC0-301F-11D3-BF4B-00C04F79EFBC}") = "ITJob.DomainModel", "ITJob.DomainModel\ITJob.DomainModel.csproj", "{81561776-45E6-4427-B33E-FF89A7745126}"
EndProject
Project("{FAE04EC0-301F-11D3-BF4B-00C04F79EFBC}") = "ITJob.Service", "ITJob.Service\ITJob.Service.csproj", "{6A4FAADB-5C98-4757-8139-4BDA2CAE238D}"
EndProject
Project("{FAE04EC0-301F-11D3-BF4B-00C04F79EFBC}") = "ITJob.WebApi", "ITJob.WebApi\ITJob.WebApi.csproj", "{85748120-275B-4C7C-A87F-E489F1B63E3A}"
EndProject
Project("{FAE04EC0-301F-11D3-BF4B-00C04F79EFBC}") = "ITJob.Host.Api", "ITJob.Host.Api\ITJob.Host.Api.csproj", "{481B5F81-69DF-4511-9B3B-2B08DBDD3BEA}"
EndProject
Project("{FAE04EC0-301F-11D3-BF4B-00C04F79EFBC}") = "ITJob.MVC", "ITJob.MVC\ITJob.MVC.csproj", "{2D354C32-78B9-4CD1-B186-7312ED73F709}"
EndProject
Global
	GlobalSection(SolutionConfigurationPlatforms) = preSolution
		Debug|Any CPU = Debug|Any CPU
		Release|Any CPU = Release|Any CPU
	EndGlobalSection
	GlobalSection(ProjectConfigurationPlatforms) = postSolution
		{93FAE394-C7FF-4683-89B2-B450359DDF46}.Debug|Any CPU.ActiveCfg = Debug|Any CPU
		{93FAE394-C7FF-4683-89B2-B450359DDF46}.Debug|Any CPU.Build.0 = Debug|Any CPU
		{93FAE394-C7FF-4683-89B2-B450359DDF46}.Release|Any CPU.ActiveCfg = Release|Any CPU
		{93FAE394-C7FF-4683-89B2-B450359DDF46}.Release|Any CPU.Build.0 = Release|Any CPU
		{046EBD8E-CC67-4B99-8AD5-72B43C70D72F}.Debug|Any CPU.ActiveCfg = Debug|Any CPU
		{046EBD8E-CC67-4B99-8AD5-72B43C70D72F}.Debug|Any CPU.Build.0 = Debug|Any CPU
		{046EBD8E-CC67-4B99-8AD5-72B43C70D72F}.Release|Any CPU.ActiveCfg = Release|Any CPU
		{046EBD8E-CC67-4B99-8AD5-72B43C70D72F}.Release|Any CPU.Build.0 = Release|Any CPU
		{81561776-45E6-4427-B33E-FF89A7745126}.Debug|Any CPU.ActiveCfg = Debug|Any CPU
		{81561776-45E6-4427-B33E-FF89A7745126}.Debug|Any CPU.Build.0 = Debug|Any CPU
		{81561776-45E6-4427-B33E-FF89A7745126}.Release|Any CPU.ActiveCfg = Release|Any CPU
		{81561776-45E6-4427-B33E-FF89A7745126}.Release|Any CPU.Build.0 = Release|Any CPU
		{6A4FAADB-5C98-4757-8139-4BDA2CAE238D}.Debug|Any CPU.ActiveCfg = Debug|Any CPU
		{6A4FAADB-5C98-4757-8139-4BDA2CAE238D}.Debug|Any CPU.Build.0 = Debug|Any CPU
		{6A4FAADB-5C98-4757-8139-4BDA2CAE238D}.Release|Any CPU.ActiveCfg = Release|Any CPU
		{6A4FAADB-5C98-4757-8139-4BDA2CAE238D}.Release|Any CPU.Build.0 = Release|Any CPU
		{85748120-275B-4C7C-A87F-E489F1B63E3A}.Debug|Any CPU.ActiveCfg = Debug|Any CPU
		{85748120-275B-4C7C-A87F-E489F1B63E3A}.Debug|Any CPU.Build.0 = Debug|Any CPU
		{85748120-275B-4C7C-A87F-E489F1B63E3A}.Release|Any CPU.ActiveCfg = Release|Any CPU
		{85748120-275B-4C7C-A87F-E489F1B63E3A}.Release|Any CPU.Build.0 = Release|Any CPU
		{481B5F81-69DF-4511-9B3B-2B08DBDD3BEA}.Debug|Any CPU.ActiveCfg = Debug|Any CPU
		{481B5F81-69DF-4511-9B3B-2B08DBDD3BEA}.Debug|Any CPU.Build.0 = Debug|Any CPU
		{481B5F81-69DF-4511-9B3B-2B08DBDD3BEA}.Release|Any CPU.ActiveCfg = Release|Any CPU
		{481B5F81-69DF-4511-9B3B-2B08DBDD3BEA}.Release|Any CPU.Build.0 = Release|Any CPU
		{2D354C32-78B9-4CD1-B186-7312ED73F709}.Debug|Any CPU.ActiveCfg = Debug|Any CPU
		{2D354C32-78B9-4CD1-B186-7312ED73F709}.Debug|Any CPU.Build.0 = Debug|Any CPU
		{2D354C32-78B9-4CD1-B186-7312ED73F709}.Release|Any CPU.ActiveCfg = Release|Any CPU
		{2D354C32-78B9-4CD1-B186-7312ED73F709}.Release|Any CPU.Build.0 = Release|Any CPU
	EndGlobalSection
	GlobalSection(SolutionProperties) = preSolution
		HideSolutionNode = FALSE
	EndGlobalSection
	GlobalSection(NestedProjects) = preSolution
		{93FAE394-C7FF-4683-89B2-B450359DDF46} = {8332EC81-B558-462A-B974-B2C2CD61B230}
		{046EBD8E-CC67-4B99-8AD5-72B43C70D72F} = {8DB25EC6-F226-4CEE-9F47-99797C47C05F}
		{81561776-45E6-4427-B33E-FF89A7745126} = {9C48A9DE-8245-43F3-A209-8E6CCA10A1EC}
		{6A4FAADB-5C98-4757-8139-4BDA2CAE238D} = {D9D0D468-4E8A-4B52-BEBA-968E4CDB5C62}
		{85748120-275B-4C7C-A87F-E489F1B63E3A} = {259D74FF-793E-4277-96E0-FE2FFDD4E6E0}
		{481B5F81-69DF-4511-9B3B-2B08DBDD3BEA} = {259D74FF-793E-4277-96E0-FE2FFDD4E6E0}
		{2D354C32-78B9-4CD1-B186-7312ED73F709} = {872F1CA8-650A-4BE9-A54E-E8A376A9A6B5}
	EndGlobalSection
	GlobalSection(ExtensibilityGlobals) = postSolution
		SolutionGuid = {6FC8EE93-C5AB-4E5B-849B-8BAD6C133C79}
	EndGlobalSection
EndGlobal
